
Microsoft Visual Studio Solution File, Format Version 12.00
# Visual Studio Version 17
VisualStudioVersion = 17.10.34928.147
MinimumVisualStudioVersion = 10.0.40219.1
Project("{FAE04EC0-301F-11D3-BF4B-00C04F79EFBC}") = "ProjektSemestralny2", "ProjektSemestralny2\ProjektSemestralny2.csproj", "{7CDDBB62-1479-4EB2-A4C0-C0946B00BBFC}"
EndProject
Global
	GlobalSection(SolutionConfigurationPlatforms) = preSolution
		Debug|Any CPU = Debug|Any CPU
		Release|Any CPU = Release|Any CPU
	EndGlobalSection
	GlobalSection(ProjectConfigurationPlatforms) = postSolution
		{7CDDBB62-1479-4EB2-A4C0-C0946B00BBFC}.Debug|Any CPU.ActiveCfg = Debug|Any CPU
		{7CDDBB62-1479-4EB2-A4C0-C0946B00BBFC}.Debug|Any CPU.Build.0 = Debug|Any CPU
		{7CDDBB62-1479-4EB2-A4C0-C0946B00BBFC}.Release|Any CPU.ActiveCfg = Release|Any CPU
		{7CDDBB62-1479-4EB2-A4C0-C0946B00BBFC}.Release|Any CPU.Build.0 = Release|Any CPU
	EndGlobalSection
	GlobalSection(SolutionProperties) = preSolution
		HideSolutionNode = FALSE
	EndGlobalSection
	GlobalSection(ExtensibilityGlobals) = postSolution
		SolutionGuid = {F7DF06B4-A308-4CBD-ACD6-6C1E6AD50E94}
	EndGlobalSection
EndGlobal
